
Microsoft Visual Studio Solution File, Format Version 12.00
# Visual Studio Version 17
VisualStudioVersion = 17.0.32014.148
MinimumVisualStudioVersion = 10.0.40219.1
Project("{FAE04EC0-301F-11D3-BF4B-00C04F79EFBC}") = "CanPairAllChar", "CanPairAllChar\CanPairAllChar.csproj", "{3982A364-D391-41E3-9714-D1C6CD081B63}"
EndProject
Global
	GlobalSection(SolutionConfigurationPlatforms) = preSolution
		Debug|Any CPU = Debug|Any CPU
		Release|Any CPU = Release|Any CPU
	EndGlobalSection
	GlobalSection(ProjectConfigurationPlatforms) = postSolution
		{3982A364-D391-41E3-9714-D1C6CD081B63}.Debug|Any CPU.ActiveCfg = Debug|Any CPU
		{3982A364-D391-41E3-9714-D1C6CD081B63}.Debug|Any CPU.Build.0 = Debug|Any CPU
		{3982A364-D391-41E3-9714-D1C6CD081B63}.Release|Any CPU.ActiveCfg = Release|Any CPU
		{3982A364-D391-41E3-9714-D1C6CD081B63}.Release|Any CPU.Build.0 = Release|Any CPU
	EndGlobalSection
	GlobalSection(SolutionProperties) = preSolution
		HideSolutionNode = FALSE
	EndGlobalSection
	GlobalSection(ExtensibilityGlobals) = postSolution
		SolutionGuid = {29D3261A-F84F-4BA9-96FC-A57FF4D14788}
	EndGlobalSection
EndGlobal
